
Microsoft Visual Studio Solution File, Format Version 12.00
# Visual Studio Version 16
VisualStudioVersion = 16.0.29215.179
MinimumVisualStudioVersion = 10.0.40219.1
Project("{FAE04EC0-301F-11D3-BF4B-00C04F79EFBC}") = "ScoreboardToJSON", "ScoreboardToJSON\ScoreboardToJSON.csproj", "{BB78E7AC-005A-4A4B-AAA4-CD0E4780824A}"
EndProject
Global
	GlobalSection(SolutionConfigurationPlatforms) = preSolution
		Debug|Any CPU = Debug|Any CPU
		Release|Any CPU = Release|Any CPU
	EndGlobalSection
	GlobalSection(ProjectConfigurationPlatforms) = postSolution
		{BB78E7AC-005A-4A4B-AAA4-CD0E4780824A}.Debug|Any CPU.ActiveCfg = Debug|Any CPU
		{BB78E7AC-005A-4A4B-AAA4-CD0E4780824A}.Debug|Any CPU.Build.0 = Debug|Any CPU
		{BB78E7AC-005A-4A4B-AAA4-CD0E4780824A}.Release|Any CPU.ActiveCfg = Release|Any CPU
		{BB78E7AC-005A-4A4B-AAA4-CD0E4780824A}.Release|Any CPU.Build.0 = Release|Any CPU
	EndGlobalSection
	GlobalSection(SolutionProperties) = preSolution
		HideSolutionNode = FALSE
	EndGlobalSection
	GlobalSection(ExtensibilityGlobals) = postSolution
		SolutionGuid = {0E965FB3-321E-42A4-A77F-3619C703A636}
	EndGlobalSection
EndGlobal
